# @generated by Move, please check-in and do not edit manually.

[move]
version = 2
manifest_digest = "C590EACDCF3870D4B1F68103F1587852F2FA20FBA6AEE4BF9EE50AD6F6DA02F9"
deps_digest = "060AD7E57DFB13104F21BE5F5C3759D03F0553FC3229247D9A7A6B45F50D03A3"
dependencies = [
  { name = "Sui" },
  { name = "balanced" },
  { name = "test_coin" },
]

[[move.package]]
name = "MoveStdlib"
source = { git = "https://github.com/MystenLabs/sui.git", rev = "framework/testnet", subdir = "crates/sui-framework/packages/move-stdlib" }

[[move.package]]
name = "Sui"
source = { git = "https://github.com/MystenLabs/sui.git", rev = "framework/testnet", subdir = "crates/sui-framework/packages/sui-framework" }

dependencies = [
  { name = "MoveStdlib" },
]

[[move.package]]
name = "balanced"
source = { git = "https://github.com/balancednetwork/balanced-move-contracts.git", rev = "sui-balanced-testnet", subdir = "" }

dependencies = [
  { name = "Sui" },
  { name = "balanced_dollar" },
  { name = "xcall" },
]

[[move.package]]
name = "balanced_dollar"
source = { git = "https://github.com/balancednetwork/balanced-move-contracts.git", rev = "sui-balanced-testnet", subdir = "balanced_dollar" }

dependencies = [
  { name = "Sui" },
]

[[move.package]]
name = "sui_rlp"
source = { git = "https://github.com/icon-project/xcall-multi.git", rev = "sui-xcall-testnet-deploy", subdir = "contracts/sui/libs/sui_rlp" }

dependencies = [
  { name = "Sui" },
]

[[move.package]]
name = "test_coin"
source = { local = "../test_coin" }

dependencies = [
  { name = "Sui" },
]

[[move.package]]
name = "xcall"
source = { git = "https://github.com/icon-project/xcall-multi.git", rev = "sui-xcall-testnet-deploy", subdir = "contracts/sui/xcall" }

dependencies = [
  { name = "Sui" },
  { name = "sui_rlp" },
]

[move.toolchain-version]
compiler-version = "1.30.1"
edition = "2024.beta"
flavor = "sui"

[env]

[env.testnet]
chain-id = "4c78adac"
original-published-id = "0x9708234a6a1a2f163728aa24daa885ba8240bec53ed6f9814b8726b89b183c6f"
latest-published-id = "0x9708234a6a1a2f163728aa24daa885ba8240bec53ed6f9814b8726b89b183c6f"
published-version = "1"
