# @generated by Move, please check-in and do not edit manually.

[move]
version = 2
manifest_digest = "1AE6F40DBA2A679042F59B0B2266F5B31738CFFC179D80388DFEACD75E59A3EC"
deps_digest = "F8BBB0CCB2491CA29A3DF03D6F92277A4F3574266507ACD77214D37ECA3F3082"
dependencies = [
  { name = "Sui" },
]

[[move.package]]
name = "MoveStdlib"
source = { git = "https://github.com/MystenLabs/sui.git", rev = "framework/testnet", subdir = "crates/sui-framework/packages/move-stdlib" }

[[move.package]]
name = "Sui"
source = { git = "https://github.com/MystenLabs/sui.git", rev = "framework/testnet", subdir = "crates/sui-framework/packages/sui-framework" }

dependencies = [
  { name = "MoveStdlib" },
]

[move.toolchain-version]
compiler-version = "1.30.3"
edition = "2024.beta"
flavor = "sui"

[env]

[env.testnet]
chain-id = "4c78adac"
original-published-id = "0x3f99611cd1f095d4726236da7f005bf331aa2fb029065098e1defe3d93891640"
latest-published-id = "0x3f99611cd1f095d4726236da7f005bf331aa2fb029065098e1defe3d93891640"
published-version = "1"
