# @generated by Move, please check-in and do not edit manually.

[move]
version = 2
manifest_digest = "03807E431903A397E4DE8110A03766B2D921A8B29D8ECD6C5514CAFFCB694780"
deps_digest = "3C4103934B1E040BB6B23F1D610B4EF9F2F1166A50A104EADCF77467C004C600"
dependencies = [
  { name = "Sui" },
  { name = "xcall" },
]

[[move.package]]
name = "MoveStdlib"
source = { git = "https://github.com/MystenLabs/sui.git", rev = "framework/testnet", subdir = "crates/sui-framework/packages/move-stdlib" }

[[move.package]]
name = "Sui"
source = { git = "https://github.com/MystenLabs/sui.git", rev = "framework/testnet", subdir = "crates/sui-framework/packages/sui-framework" }

dependencies = [
  { name = "MoveStdlib" },
]
<<<<<<< HEAD

[[move.package]]
name = "sui_rlp"
source = { git = "https://github.com/icon-project/xcall-multi.git", rev = "feat/sui-xcall-contracts", subdir = "contracts/sui/libs/sui_rlp" }

dependencies = [
  { name = "Sui" },
]

[[move.package]]
name = "xcall"
source = { git = "https://github.com/icon-project/xcall-multi.git", rev = "feat/sui-xcall-contracts", subdir = "contracts/sui/xcall" }

dependencies = [
  { name = "Sui" },
  { name = "sui_rlp" },
]

[move.toolchain-version]
compiler-version = "1.27.2"
edition = "2024.beta"
flavor = "sui"
=======
>>>>>>> 2e15efd87ed8e32bc4533bb215e157f44e585385
