# @generated by Move, please check-in and do not edit manually.

[move]
version = 2
manifest_digest = "86D1E75DB1AED6DF81FA3C7F4E59500DC12FBB981012FF4E6E3008405C8F8870"
deps_digest = "3C4103934B1E040BB6B23F1D610B4EF9F2F1166A50A104EADCF77467C004C600"
dependencies = [
  { name = "Sui" },
  { name = "xcall" },
]

[[move.package]]
name = "MoveStdlib"
source = { git = "https://github.com/MystenLabs/sui.git", rev = "framework/testnet", subdir = "crates/sui-framework/packages/move-stdlib" }

[[move.package]]
name = "Sui"
source = { git = "https://github.com/MystenLabs/sui.git", rev = "framework/testnet", subdir = "crates/sui-framework/packages/sui-framework" }

dependencies = [
  { name = "MoveStdlib" },
]

[[move.package]]
name = "sui_rlp"
source = { git = "https://github.com/icon-project/xcall-multi.git", rev = "feat/sui-xcall-testnet", subdir = "contracts/sui/libs/sui_rlp" }

dependencies = [
  { name = "Sui" },
]

[[move.package]]
name = "xcall"
source = { git = "https://github.com/icon-project/xcall-multi.git", rev = "feat/sui-xcall-testnet", subdir = "contracts/sui/xcall" }

dependencies = [
  { name = "Sui" },
  { name = "sui_rlp" },
]

[move.toolchain-version]
compiler-version = "1.30.1"
edition = "2024.beta"
flavor = "sui"
